
Microsoft Visual Studio Solution File, Format Version 12.00
# Visual Studio Version 16
VisualStudioVersion = 16.0.28803.202
MinimumVisualStudioVersion = 10.0.40219.1
Project("{FAE04EC0-301F-11D3-BF4B-00C04F79EFBC}") = "OrderFoodApp", "OrderFoodApp\OrderFoodApp.csproj", "{D2574344-AAF7-4E19-AB48-630F5D9BFF70}"
EndProject
Global
	GlobalSection(SolutionConfigurationPlatforms) = preSolution
		Debug|Any CPU = Debug|Any CPU
		Release|Any CPU = Release|Any CPU
	EndGlobalSection
	GlobalSection(ProjectConfigurationPlatforms) = postSolution
		{D2574344-AAF7-4E19-AB48-630F5D9BFF70}.Debug|Any CPU.ActiveCfg = Debug|Any CPU
		{D2574344-AAF7-4E19-AB48-630F5D9BFF70}.Debug|Any CPU.Build.0 = Debug|Any CPU
		{D2574344-AAF7-4E19-AB48-630F5D9BFF70}.Release|Any CPU.ActiveCfg = Release|Any CPU
		{D2574344-AAF7-4E19-AB48-630F5D9BFF70}.Release|Any CPU.Build.0 = Release|Any CPU
	EndGlobalSection
	GlobalSection(SolutionProperties) = preSolution
		HideSolutionNode = FALSE
	EndGlobalSection
	GlobalSection(ExtensibilityGlobals) = postSolution
		SolutionGuid = {AA3F2F50-17F7-40B4-A2C0-83E6CA8FC868}
	EndGlobalSection
EndGlobal
